
Microsoft Visual Studio Solution File, Format Version 12.00
# Visual Studio Version 17
VisualStudioVersion = 17.3.32825.248
MinimumVisualStudioVersion = 10.0.40219.1
Project("{9A19103F-16F7-4668-BE54-9A1E7A4F7556}") = "LyricsScraperNET.Client", "LyricsScraperNET.Client\LyricsScraperNET.Client.csproj", "{C9C2E3E0-48D1-457D-BE1B-D11C7913AE6E}"
EndProject
Project("{9A19103F-16F7-4668-BE54-9A1E7A4F7556}") = "LyricsScraperNET", "LyricsScraperNET\LyricsScraperNET.csproj", "{240061BD-CA01-4B97-B60D-0CEEAC49125F}"
EndProject
Project("{9A19103F-16F7-4668-BE54-9A1E7A4F7556}") = "LyricsScraperNET.Test", "LyricsScraperNET.Test\LyricsScraperNET.Test.csproj", "{86A62F99-FABB-42E0-A641-3725DE40A6D8}"
EndProject
Global
	GlobalSection(SolutionConfigurationPlatforms) = preSolution
		Debug|Any CPU = Debug|Any CPU
		Release|Any CPU = Release|Any CPU
	EndGlobalSection
	GlobalSection(ProjectConfigurationPlatforms) = postSolution
		{C9C2E3E0-48D1-457D-BE1B-D11C7913AE6E}.Debug|Any CPU.ActiveCfg = Debug|Any CPU
		{C9C2E3E0-48D1-457D-BE1B-D11C7913AE6E}.Debug|Any CPU.Build.0 = Debug|Any CPU
		{C9C2E3E0-48D1-457D-BE1B-D11C7913AE6E}.Release|Any CPU.ActiveCfg = Release|Any CPU
		{C9C2E3E0-48D1-457D-BE1B-D11C7913AE6E}.Release|Any CPU.Build.0 = Release|Any CPU
		{240061BD-CA01-4B97-B60D-0CEEAC49125F}.Debug|Any CPU.ActiveCfg = Debug|Any CPU
		{240061BD-CA01-4B97-B60D-0CEEAC49125F}.Debug|Any CPU.Build.0 = Debug|Any CPU
		{240061BD-CA01-4B97-B60D-0CEEAC49125F}.Release|Any CPU.ActiveCfg = Release|Any CPU
		{240061BD-CA01-4B97-B60D-0CEEAC49125F}.Release|Any CPU.Build.0 = Release|Any CPU
		{86A62F99-FABB-42E0-A641-3725DE40A6D8}.Debug|Any CPU.ActiveCfg = Debug|Any CPU
		{86A62F99-FABB-42E0-A641-3725DE40A6D8}.Debug|Any CPU.Build.0 = Debug|Any CPU
		{86A62F99-FABB-42E0-A641-3725DE40A6D8}.Release|Any CPU.ActiveCfg = Release|Any CPU
		{86A62F99-FABB-42E0-A641-3725DE40A6D8}.Release|Any CPU.Build.0 = Release|Any CPU
	EndGlobalSection
	GlobalSection(SolutionProperties) = preSolution
		HideSolutionNode = FALSE
	EndGlobalSection
	GlobalSection(ExtensibilityGlobals) = postSolution
		SolutionGuid = {234E67FA-12AF-4388-89B9-199F8EAFA2CD}
	EndGlobalSection
EndGlobal
